
Microsoft Visual Studio Solution File, Format Version 12.00
# Visual Studio Version 17
VisualStudioVersion = 17.11.35208.52
MinimumVisualStudioVersion = 10.0.40219.1
Project("{FAE04EC0-301F-11D3-BF4B-00C04F79EFBC}") = "Ejercicio2", "Ejercicio2\Ejercicio2.csproj", "{63A43FC8-9303-41AF-9C6F-2E2D5A8B25DB}"
EndProject
Project("{FAE04EC0-301F-11D3-BF4B-00C04F79EFBC}") = "TestEjecicio2", "TestEjecicio2\TestEjecicio2.csproj", "{A2B3C1DD-BADC-4439-A1DC-9A39AAF32C83}"
EndProject
Global
	GlobalSection(SolutionConfigurationPlatforms) = preSolution
		Debug|Any CPU = Debug|Any CPU
		Release|Any CPU = Release|Any CPU
	EndGlobalSection
	GlobalSection(ProjectConfigurationPlatforms) = postSolution
		{63A43FC8-9303-41AF-9C6F-2E2D5A8B25DB}.Debug|Any CPU.ActiveCfg = Debug|Any CPU
		{63A43FC8-9303-41AF-9C6F-2E2D5A8B25DB}.Debug|Any CPU.Build.0 = Debug|Any CPU
		{63A43FC8-9303-41AF-9C6F-2E2D5A8B25DB}.Release|Any CPU.ActiveCfg = Release|Any CPU
		{63A43FC8-9303-41AF-9C6F-2E2D5A8B25DB}.Release|Any CPU.Build.0 = Release|Any CPU
		{A2B3C1DD-BADC-4439-A1DC-9A39AAF32C83}.Debug|Any CPU.ActiveCfg = Debug|Any CPU
		{A2B3C1DD-BADC-4439-A1DC-9A39AAF32C83}.Debug|Any CPU.Build.0 = Debug|Any CPU
		{A2B3C1DD-BADC-4439-A1DC-9A39AAF32C83}.Release|Any CPU.ActiveCfg = Release|Any CPU
		{A2B3C1DD-BADC-4439-A1DC-9A39AAF32C83}.Release|Any CPU.Build.0 = Release|Any CPU
	EndGlobalSection
	GlobalSection(SolutionProperties) = preSolution
		HideSolutionNode = FALSE
	EndGlobalSection
	GlobalSection(ExtensibilityGlobals) = postSolution
		SolutionGuid = {F2DAEA91-4E80-45C7-9E74-3BFDA4835C12}
	EndGlobalSection
EndGlobal
